
Microsoft Visual Studio Solution File, Format Version 12.00
# Visual Studio Version 16
VisualStudioVersion = 16.0.31025.194
MinimumVisualStudioVersion = 10.0.40219.1
Project("{FAE04EC0-301F-11D3-BF4B-00C04F79EFBC}") = "ksis-3", "ksis-3\ksis-3.csproj", "{3406600E-020A-4E49-9136-1C95A6FF74C8}"
EndProject
Global
	GlobalSection(SolutionConfigurationPlatforms) = preSolution
		Debug|Any CPU = Debug|Any CPU
		Release|Any CPU = Release|Any CPU
	EndGlobalSection
	GlobalSection(ProjectConfigurationPlatforms) = postSolution
		{3406600E-020A-4E49-9136-1C95A6FF74C8}.Debug|Any CPU.ActiveCfg = Debug|Any CPU
		{3406600E-020A-4E49-9136-1C95A6FF74C8}.Debug|Any CPU.Build.0 = Debug|Any CPU
		{3406600E-020A-4E49-9136-1C95A6FF74C8}.Release|Any CPU.ActiveCfg = Release|Any CPU
		{3406600E-020A-4E49-9136-1C95A6FF74C8}.Release|Any CPU.Build.0 = Release|Any CPU
	EndGlobalSection
	GlobalSection(SolutionProperties) = preSolution
		HideSolutionNode = FALSE
	EndGlobalSection
	GlobalSection(ExtensibilityGlobals) = postSolution
		SolutionGuid = {D35628A2-F382-4285-B626-C1DD92D8A31D}
	EndGlobalSection
EndGlobal
